
Microsoft Visual Studio Solution File, Format Version 12.00
# Visual Studio 15
VisualStudioVersion = 15.0.28307.1209
MinimumVisualStudioVersion = 10.0.40219.1
Project("{FAE04EC0-301F-11D3-BF4B-00C04F79EFBC}") = "FMG_re-order_RR_XML", "FMG_re-order_RR_XML\FMG_re-order_RR_XML.csproj", "{047F702C-E8B9-4303-BC56-3B21C66BC2E2}"
EndProject
Global
	GlobalSection(SolutionConfigurationPlatforms) = preSolution
		Debug|Any CPU = Debug|Any CPU
		Release|Any CPU = Release|Any CPU
	EndGlobalSection
	GlobalSection(ProjectConfigurationPlatforms) = postSolution
		{047F702C-E8B9-4303-BC56-3B21C66BC2E2}.Debug|Any CPU.ActiveCfg = Debug|Any CPU
		{047F702C-E8B9-4303-BC56-3B21C66BC2E2}.Debug|Any CPU.Build.0 = Debug|Any CPU
		{047F702C-E8B9-4303-BC56-3B21C66BC2E2}.Release|Any CPU.ActiveCfg = Release|Any CPU
		{047F702C-E8B9-4303-BC56-3B21C66BC2E2}.Release|Any CPU.Build.0 = Release|Any CPU
	EndGlobalSection
	GlobalSection(SolutionProperties) = preSolution
		HideSolutionNode = FALSE
	EndGlobalSection
	GlobalSection(ExtensibilityGlobals) = postSolution
		SolutionGuid = {788FC6D2-1D06-44C1-9D04-A6602401938A}
	EndGlobalSection
EndGlobal
