
Microsoft Visual Studio Solution File, Format Version 12.00
# Visual Studio 15
VisualStudioVersion = 15.0.28307.1209
MinimumVisualStudioVersion = 10.0.40219.1
Project("{FAE04EC0-301F-11D3-BF4B-00C04F79EFBC}") = "Baxter_Combine_termbases_in_one_Excel", "Baxter_Combine_termbases_in_one_Excel\Baxter_Combine_termbases_in_one_Excel.csproj", "{8E9B9C60-836F-4A15-BEE2-BB64CAC3D421}"
EndProject
Global
	GlobalSection(SolutionConfigurationPlatforms) = preSolution
		Debug|Any CPU = Debug|Any CPU
		Release|Any CPU = Release|Any CPU
	EndGlobalSection
	GlobalSection(ProjectConfigurationPlatforms) = postSolution
		{8E9B9C60-836F-4A15-BEE2-BB64CAC3D421}.Debug|Any CPU.ActiveCfg = Debug|Any CPU
		{8E9B9C60-836F-4A15-BEE2-BB64CAC3D421}.Debug|Any CPU.Build.0 = Debug|Any CPU
		{8E9B9C60-836F-4A15-BEE2-BB64CAC3D421}.Release|Any CPU.ActiveCfg = Release|Any CPU
		{8E9B9C60-836F-4A15-BEE2-BB64CAC3D421}.Release|Any CPU.Build.0 = Release|Any CPU
	EndGlobalSection
	GlobalSection(SolutionProperties) = preSolution
		HideSolutionNode = FALSE
	EndGlobalSection
	GlobalSection(ExtensibilityGlobals) = postSolution
		SolutionGuid = {0AC726F9-98C0-4477-BECA-519C3BE23346}
	EndGlobalSection
EndGlobal
