
Microsoft Visual Studio Solution File, Format Version 12.00
# Visual Studio 15
VisualStudioVersion = 15.0.28307.1209
MinimumVisualStudioVersion = 10.0.40219.1
Project("{FAE04EC0-301F-11D3-BF4B-00C04F79EFBC}") = "IntelContentImportScript", "IntelContentImportScript.csproj", "{88CA1864-6FCD-4F7A-BFC1-EF8CA710DD24}"
EndProject
Global
	GlobalSection(SolutionConfigurationPlatforms) = preSolution
		Debug|Any CPU = Debug|Any CPU
		Release|Any CPU = Release|Any CPU
	EndGlobalSection
	GlobalSection(ProjectConfigurationPlatforms) = postSolution
		{88CA1864-6FCD-4F7A-BFC1-EF8CA710DD24}.Debug|Any CPU.ActiveCfg = Debug|Any CPU
		{88CA1864-6FCD-4F7A-BFC1-EF8CA710DD24}.Debug|Any CPU.Build.0 = Debug|Any CPU
		{88CA1864-6FCD-4F7A-BFC1-EF8CA710DD24}.Release|Any CPU.ActiveCfg = Release|Any CPU
		{88CA1864-6FCD-4F7A-BFC1-EF8CA710DD24}.Release|Any CPU.Build.0 = Release|Any CPU
	EndGlobalSection
	GlobalSection(SolutionProperties) = preSolution
		HideSolutionNode = FALSE
	EndGlobalSection
	GlobalSection(ExtensibilityGlobals) = postSolution
		SolutionGuid = {484D08E9-6A3F-481A-8E6C-20E74D34247B}
	EndGlobalSection
EndGlobal
