
Microsoft Visual Studio Solution File, Format Version 12.00
# Visual Studio 15
VisualStudioVersion = 15.0.28307.1209
MinimumVisualStudioVersion = 10.0.40219.1
Project("{FAE04EC0-301F-11D3-BF4B-00C04F79EFBC}") = "FMG_add_XSL_Stylesheet", "FMG_add_XSL_Stylesheet\FMG_add_XSL_Stylesheet.csproj", "{C11C3098-8DCF-4575-A05E-7BA1F4CAF5A8}"
EndProject
Global
	GlobalSection(SolutionConfigurationPlatforms) = preSolution
		Debug|Any CPU = Debug|Any CPU
		Release|Any CPU = Release|Any CPU
	EndGlobalSection
	GlobalSection(ProjectConfigurationPlatforms) = postSolution
		{C11C3098-8DCF-4575-A05E-7BA1F4CAF5A8}.Debug|Any CPU.ActiveCfg = Debug|Any CPU
		{C11C3098-8DCF-4575-A05E-7BA1F4CAF5A8}.Debug|Any CPU.Build.0 = Debug|Any CPU
		{C11C3098-8DCF-4575-A05E-7BA1F4CAF5A8}.Release|Any CPU.ActiveCfg = Release|Any CPU
		{C11C3098-8DCF-4575-A05E-7BA1F4CAF5A8}.Release|Any CPU.Build.0 = Release|Any CPU
	EndGlobalSection
	GlobalSection(SolutionProperties) = preSolution
		HideSolutionNode = FALSE
	EndGlobalSection
	GlobalSection(ExtensibilityGlobals) = postSolution
		SolutionGuid = {7158DA18-6A30-481F-B9A5-FCCD57466288}
	EndGlobalSection
EndGlobal
