
Microsoft Visual Studio Solution File, Format Version 12.00
# Visual Studio Version 17
VisualStudioVersion = 17.13.35828.75 d17.13
MinimumVisualStudioVersion = 10.0.40219.1
Project("{FAE04EC0-301F-11D3-BF4B-00C04F79EFBC}") = "C_Sharp_Generic", "C_Sharp_Generic.csproj", "{977916DD-CC0C-486D-9DB0-2AF759185610}"
EndProject
Global
	GlobalSection(SolutionConfigurationPlatforms) = preSolution
		Debug|Any CPU = Debug|Any CPU
		Release|Any CPU = Release|Any CPU
	EndGlobalSection
	GlobalSection(ProjectConfigurationPlatforms) = postSolution
		{977916DD-CC0C-486D-9DB0-2AF759185610}.Debug|Any CPU.ActiveCfg = Debug|Any CPU
		{977916DD-CC0C-486D-9DB0-2AF759185610}.Debug|Any CPU.Build.0 = Debug|Any CPU
		{977916DD-CC0C-486D-9DB0-2AF759185610}.Release|Any CPU.ActiveCfg = Release|Any CPU
		{977916DD-CC0C-486D-9DB0-2AF759185610}.Release|Any CPU.Build.0 = Release|Any CPU
	EndGlobalSection
	GlobalSection(SolutionProperties) = preSolution
		HideSolutionNode = FALSE
	EndGlobalSection
	GlobalSection(ExtensibilityGlobals) = postSolution
		SolutionGuid = {1949940B-620D-4F0E-989D-D3EF50656C30}
	EndGlobalSection
EndGlobal
