
Microsoft Visual Studio Solution File, Format Version 12.00
# Visual Studio Version 17
VisualStudioVersion = 17.13.35828.75 d17.13
MinimumVisualStudioVersion = 10.0.40219.1
Project("{FAE04EC0-301F-11D3-BF4B-00C04F79EFBC}") = "C#_Stack_LINQ", "C#_Stack_LINQ.csproj", "{19DE32B4-2C7A-4031-ADF1-ED0141A26982}"
EndProject
Global
	GlobalSection(SolutionConfigurationPlatforms) = preSolution
		Debug|Any CPU = Debug|Any CPU
		Release|Any CPU = Release|Any CPU
	EndGlobalSection
	GlobalSection(ProjectConfigurationPlatforms) = postSolution
		{19DE32B4-2C7A-4031-ADF1-ED0141A26982}.Debug|Any CPU.ActiveCfg = Debug|Any CPU
		{19DE32B4-2C7A-4031-ADF1-ED0141A26982}.Debug|Any CPU.Build.0 = Debug|Any CPU
		{19DE32B4-2C7A-4031-ADF1-ED0141A26982}.Release|Any CPU.ActiveCfg = Release|Any CPU
		{19DE32B4-2C7A-4031-ADF1-ED0141A26982}.Release|Any CPU.Build.0 = Release|Any CPU
	EndGlobalSection
	GlobalSection(SolutionProperties) = preSolution
		HideSolutionNode = FALSE
	EndGlobalSection
	GlobalSection(ExtensibilityGlobals) = postSolution
		SolutionGuid = {2EE48FF9-615A-41F3-A57B-66E56949F99E}
	EndGlobalSection
EndGlobal
