
Microsoft Visual Studio Solution File, Format Version 12.00
# Visual Studio Version 17
VisualStudioVersion = 17.13.35931.197 d17.13
MinimumVisualStudioVersion = 10.0.40219.1
Project("{FAE04EC0-301F-11D3-BF4B-00C04F79EFBC}") = "Student_AspNetCoreMVC", "Student_AspNetCoreMVC.csproj", "{E11C04BB-61FA-461A-BACC-A73929033259}"
EndProject
Global
	GlobalSection(SolutionConfigurationPlatforms) = preSolution
		Debug|Any CPU = Debug|Any CPU
		Release|Any CPU = Release|Any CPU
	EndGlobalSection
	GlobalSection(ProjectConfigurationPlatforms) = postSolution
		{E11C04BB-61FA-461A-BACC-A73929033259}.Debug|Any CPU.ActiveCfg = Debug|Any CPU
		{E11C04BB-61FA-461A-BACC-A73929033259}.Debug|Any CPU.Build.0 = Debug|Any CPU
		{E11C04BB-61FA-461A-BACC-A73929033259}.Release|Any CPU.ActiveCfg = Release|Any CPU
		{E11C04BB-61FA-461A-BACC-A73929033259}.Release|Any CPU.Build.0 = Release|Any CPU
	EndGlobalSection
	GlobalSection(SolutionProperties) = preSolution
		HideSolutionNode = FALSE
	EndGlobalSection
	GlobalSection(ExtensibilityGlobals) = postSolution
		SolutionGuid = {F37BD874-5BB1-414C-8D9F-98FE0F91DBE8}
	EndGlobalSection
EndGlobal
