
Microsoft Visual Studio Solution File, Format Version 12.00
# Visual Studio Version 17
VisualStudioVersion = 17.13.35828.75 d17.13
MinimumVisualStudioVersion = 10.0.40219.1
Project("{FAE04EC0-301F-11D3-BF4B-00C04F79EFBC}") = "Default_AspNetCoreWebAPI", "Default_AspNetCoreWebAPI.csproj", "{C351B641-7D1A-4F70-BC14-977BB251185A}"
EndProject
Global
	GlobalSection(SolutionConfigurationPlatforms) = preSolution
		Debug|Any CPU = Debug|Any CPU
		Release|Any CPU = Release|Any CPU
	EndGlobalSection
	GlobalSection(ProjectConfigurationPlatforms) = postSolution
		{C351B641-7D1A-4F70-BC14-977BB251185A}.Debug|Any CPU.ActiveCfg = Debug|Any CPU
		{C351B641-7D1A-4F70-BC14-977BB251185A}.Debug|Any CPU.Build.0 = Debug|Any CPU
		{C351B641-7D1A-4F70-BC14-977BB251185A}.Release|Any CPU.ActiveCfg = Release|Any CPU
		{C351B641-7D1A-4F70-BC14-977BB251185A}.Release|Any CPU.Build.0 = Release|Any CPU
	EndGlobalSection
	GlobalSection(SolutionProperties) = preSolution
		HideSolutionNode = FALSE
	EndGlobalSection
	GlobalSection(ExtensibilityGlobals) = postSolution
		SolutionGuid = {9C1B1BCC-7B39-403C-AA43-48ED4E960221}
	EndGlobalSection
EndGlobal
