
Microsoft Visual Studio Solution File, Format Version 12.00
# Visual Studio Version 17
VisualStudioVersion = 17.13.35828.75 d17.13
MinimumVisualStudioVersion = 10.0.40219.1
Project("{FAE04EC0-301F-11D3-BF4B-00C04F79EFBC}") = "Default_AspNetCoreWebApplication", "Default_AspNetCoreWebApplication.csproj", "{965B12B5-F8AF-46F9-AE14-E6464BB8548D}"
EndProject
Global
	GlobalSection(SolutionConfigurationPlatforms) = preSolution
		Debug|Any CPU = Debug|Any CPU
		Release|Any CPU = Release|Any CPU
	EndGlobalSection
	GlobalSection(ProjectConfigurationPlatforms) = postSolution
		{965B12B5-F8AF-46F9-AE14-E6464BB8548D}.Debug|Any CPU.ActiveCfg = Debug|Any CPU
		{965B12B5-F8AF-46F9-AE14-E6464BB8548D}.Debug|Any CPU.Build.0 = Debug|Any CPU
		{965B12B5-F8AF-46F9-AE14-E6464BB8548D}.Release|Any CPU.ActiveCfg = Release|Any CPU
		{965B12B5-F8AF-46F9-AE14-E6464BB8548D}.Release|Any CPU.Build.0 = Release|Any CPU
	EndGlobalSection
	GlobalSection(SolutionProperties) = preSolution
		HideSolutionNode = FALSE
	EndGlobalSection
	GlobalSection(ExtensibilityGlobals) = postSolution
		SolutionGuid = {59599AC5-00BD-4BAA-8386-9D28A7EBDDA8}
	EndGlobalSection
EndGlobal
