
Microsoft Visual Studio Solution File, Format Version 12.00
# Visual Studio Version 17
VisualStudioVersion = 17.11.35431.28
MinimumVisualStudioVersion = 10.0.40219.1
Project("{FAE04EC0-301F-11D3-BF4B-00C04F79EFBC}") = "Default_AspNetCoreMVC", "Default_AspNetCoreMVC.csproj", "{6E877D6B-245C-4BC8-BD07-C4A44EAB1EFF}"
EndProject
Global
	GlobalSection(SolutionConfigurationPlatforms) = preSolution
		Debug|Any CPU = Debug|Any CPU
		Release|Any CPU = Release|Any CPU
	EndGlobalSection
	GlobalSection(ProjectConfigurationPlatforms) = postSolution
		{6E877D6B-245C-4BC8-BD07-C4A44EAB1EFF}.Debug|Any CPU.ActiveCfg = Debug|Any CPU
		{6E877D6B-245C-4BC8-BD07-C4A44EAB1EFF}.Debug|Any CPU.Build.0 = Debug|Any CPU
		{6E877D6B-245C-4BC8-BD07-C4A44EAB1EFF}.Release|Any CPU.ActiveCfg = Release|Any CPU
		{6E877D6B-245C-4BC8-BD07-C4A44EAB1EFF}.Release|Any CPU.Build.0 = Release|Any CPU
	EndGlobalSection
	GlobalSection(SolutionProperties) = preSolution
		HideSolutionNode = FALSE
	EndGlobalSection
	GlobalSection(ExtensibilityGlobals) = postSolution
		SolutionGuid = {E9A3BEA5-C571-4DE6-9B49-4D94BE83A0E1}
	EndGlobalSection
EndGlobal
